{
  "version": 4,
  "terraform_version": "1.14.8",
  "serial": 1,
  "lineage": "e768cb1a-0bf0-8b97-3c4d-d0a31219e317",
  "outputs": {},
  "resources": [
    {
      "mode": "managed",
      "type": "google_artifact_registry_repository",
      "name": "docker_repo",
      "provider": "provider[\"registry.terraform.io/hashicorp/google\"]",
      "instances": [
        {
          "schema_version": 0,
          "attributes": {
            "cleanup_policies": [],
            "cleanup_policy_dry_run": false,
            "create_time": "2026-03-29T14:12:39.460459Z",
            "description": "Docker repository for my CI/CD project",
            "docker_config": [],
            "effective_labels": {},
            "format": "DOCKER",
            "id": "projects/applied-ridge-414907/locations/us-central1/repositories/my-docker-repo",
            "kms_key_name": "",
            "labels": null,
            "location": "us-central1",
            "maven_config": [],
            "mode": "STANDARD_REPOSITORY",
            "name": "my-docker-repo",
            "project": "applied-ridge-414907",
            "remote_repository_config": [],
            "repository_id": "my-docker-repo",
            "terraform_labels": {},
            "timeouts": null,
            "update_time": "2026-03-29T14:12:39.460459Z",
            "virtual_repository_config": []
          },
          "sensitive_attributes": [],
          "identity_schema_version": 0,
          "private": "eyJlMmJmYjczMC1lY2FhLTExZTYtOGY4OC0zNDM2M2JjN2M0YzAiOnsiY3JlYXRlIjoxMjAwMDAwMDAwMDAwLCJkZWxldGUiOjEyMDAwMDAwMDAwMDAsInVwZGF0ZSI6MTIwMDAwMDAwMDAwMH19"
        }
      ]
    }
  ],
  "check_results": null
}
