{
  "version": 4,
  "terraform_version": "1.14.8",
  "serial": 4,
  "lineage": "45b5a25e-fb92-1825-8e4e-df9d7873fb28",
  "outputs": {
    "kubeconfig": {
      "value": "34.9.185.87",
      "type": "string"
    }
  },
  "resources": [
    {
      "mode": "managed",
      "type": "google_container_cluster",
      "name": "primary",
      "provider": "provider[\"registry.terraform.io/hashicorp/google\"]",
      "instances": [
        {
          "schema_version": 2,
          "attributes": {
            "addons_config": [
              {
                "cloudrun_config": [],
                "config_connector_config": [],
                "dns_cache_config": [
                  {
                    "enabled": true
                  }
                ],
                "gce_persistent_disk_csi_driver_config": [
                  {
                    "enabled": true
                  }
                ],
                "gcp_filestore_csi_driver_config": [],
                "gcs_fuse_csi_driver_config": [],
                "gke_backup_agent_config": [],
                "horizontal_pod_autoscaling": [],
                "http_load_balancing": [],
                "network_policy_config": [
                  {
                    "disabled": true
                  }
                ],
                "ray_operator_config": [],
                "stateful_ha_config": []
              }
            ],
            "allow_net_admin": null,
            "authenticator_groups_config": [],
            "binary_authorization": [
              {
                "enabled": false,
                "evaluation_mode": ""
              }
            ],
            "cluster_autoscaling": [
              {
                "auto_provisioning_defaults": [],
                "auto_provisioning_locations": [],
                "autoscaling_profile": "BALANCED",
                "enabled": false,
                "resource_limits": []
              }
            ],
            "cluster_ipv4_cidr": "10.72.0.0/14",
            "confidential_nodes": [],
            "cost_management_config": [],
            "database_encryption": [
              {
                "key_name": "",
                "state": "DECRYPTED"
              }
            ],
            "datapath_provider": "",
            "default_max_pods_per_node": 110,
            "default_snat_status": [
              {
                "disabled": false
              }
            ],
            "deletion_protection": true,
            "description": "",
            "dns_config": [],
            "enable_autopilot": false,
            "enable_cilium_clusterwide_network_policy": false,
            "enable_intranode_visibility": false,
            "enable_k8s_beta_apis": [],
            "enable_kubernetes_alpha": false,
            "enable_l4_ilb_subsetting": false,
            "enable_legacy_abac": false,
            "enable_multi_networking": false,
            "enable_shielded_nodes": true,
            "enable_tpu": false,
            "endpoint": "34.9.185.87",
            "fleet": [],
            "gateway_api_config": [],
            "id": "projects/applied-ridge-414907/locations/us-central1-a/clusters/ci-cd-cluster",
            "identity_service_config": [],
            "initial_node_count": 2,
            "ip_allocation_policy": [
              {
                "additional_pod_ranges_config": [],
                "cluster_ipv4_cidr_block": "10.72.0.0/14",
                "cluster_secondary_range_name": "gke-ci-cd-cluster-pods-950b3b76",
                "pod_cidr_overprovision_config": [
                  {
                    "disabled": false
                  }
                ],
                "services_ipv4_cidr_block": "34.118.224.0/20",
                "services_secondary_range_name": "",
                "stack_type": "IPV4"
              }
            ],
            "label_fingerprint": "a9dc16a7",
            "location": "us-central1-a",
            "logging_config": [
              {
                "enable_components": [
                  "SYSTEM_COMPONENTS",
                  "WORKLOADS"
                ]
              }
            ],
            "logging_service": "logging.googleapis.com/kubernetes",
            "maintenance_policy": [],
            "master_auth": [
              {
                "client_certificate": "",
                "client_certificate_config": [
                  {
                    "issue_client_certificate": false
                  }
                ],
                "client_key": "",
                "cluster_ca_certificate": "LS0tLS1CRUdJTiBDRVJUSUZJQ0FURS0tLS0tCk1JSUVMRENDQXBTZ0F3SUJBZ0lRYkJUMktXN2ZRMkl5aDdYYVU3b2dyakFOQmdrcWhraUc5dzBCQVFzRkFEQXYKTVMwd0t3WURWUVFERXlSbU1UazFNMll4WXkwNU4yVXhMVFJtWkRrdFlqRmxZeTB5Tm1VNFl6ZzNPVEUyTmpVdwpJQmNOTWpZd016STVNVE0wT0RVNVdoZ1BNakExTmpBek1qRXhORFE0TlRsYU1DOHhMVEFyQmdOVkJBTVRKR1l4Ck9UVXpaakZqTFRrM1pURXROR1prT1MxaU1XVmpMVEkyWlRoak9EYzVNVFkyTlRDQ0FhSXdEUVlKS29aSWh2Y04KQVFFQkJRQURnZ0dQQURDQ0FZb0NnZ0dCQUtZcDRieFBsK3dhcmJPWDlXalhDSTRyNXJEaTNBUlh6YUc1UWg2TApRRFE5cTd0d01McEJsZmpDSEsyWENaRXU4cVhMUFR0YzJFMHh2U2RFNFdFWWZCc09DcGkwU2FwZkZBK3I5N2NSCmdIcWdIcWFqVlN1K0ExRTVrcXVUK0MxWnRjaVZVMTd6UTVINDZxeE8xdmtZRm5rZzJZUmEwSnNWd1BYOVFHamgKL3VEUHExeVp0RlNxZlBsNWROZ0ZSN0tXK0dEV01LQnRGRlZXUkdxM3psUit6enBqZS84YlFwaDBidVpHVlMrcgpwMXNzVyszd05BQzBRWExiQ3U0TzZCRG5wZDhUVkVUS1Vqd1YvWnhuM3lHY3NxbzNab1oxZzU5MUdURjVZN3orClM3emdpb2szQmRKM2tWY3hBNHhKb3E2QTF2VkY1S291b29OdWVtZ1dvdTVuSGxxSmZ4UXRkSWJiZ1dFaTFpSXAKSEdqZHBwcHQrd3l4OEg0UXFBdXlYazVIYkNkTzFqNVA5OUp6eWtIUmZyYXNzdkE1MTZZY3VlTE54enVRNU5wQQpFa1lRQWlUajlnTGdmdFFFMkUrbE5zbldhbXZ0dmg0NWd2THdFekJNdTdHc0x1YUZ1cW8wcktYajZLQnNTaFFCClFmMkZ4VFo4RUV0WTFPSE1pQzg3OFRBVGh3SURBUUFCbzBJd1FEQU9CZ05WSFE4QkFmOEVCQU1DQWdRd0R3WUQKVlIwVEFRSC9CQVV3QXdFQi96QWRCZ05WSFE0RUZnUVUrRlgwbHZIVWtFbUd4Qit3SHpXOFZRYk9aT0V3RFFZSgpLb1pJaHZjTkFRRUxCUUFEZ2dHQkFGblRKZEt3YWVaaDkvVXhnM21ZUUZBaW5ZR1dNeU5JMzM4UVl1N2dDWW5YCjBZL0pFaVRXRFczNXdMNWtPMTcyUUJ4NG5idVRseGhEd2NJRjZsN3Q4WlpRdVNMT3l4MzcrajE5Q2lyVjBWQnUKeFk2N3lZM25LbGd3L3ZYZ0J1VVc4c1ZTS0tKUThyV1k5TEdMTzhhREo3VWlXL3U4TGliejg1dExUUEpwYldoMgp5dGFuVlJjSTdNanlkYmlJYlEwY1JSRVlaem5GZ0NpcXJGQU5pSXlNWnNDTnlVRXdGc3dZaG9KMllLTWRrQVJDCkd0S29SOXJ4SEpzV1RLcDZrZENiR2VuUmQrL1lOS0xBYTE2UGtTc3NIc1NXN3NGWVIrRXY5VktQM2NwMzlrY3YKb2pxU29aWGk3N0pRNHFYMUtyeHhBSWk5TEZVMU04eTlla1dGTmxIN3p1MG1BWVc1aE1wbXlwRHBRMGVkVncwNwp4eVVhNkUrc2NWRGVvUlM3VE81OE5MSlVPUVhBWEw4TW1qcGZwN3hNREpvZjA5NlQ1NldXcktxWHZJaW16UDB0Ckx2U25ORHdtSHZiT0hOWDBWOEN5b3A0ODM1L3FOSkluQ1dSU29qZ1k5d2w2Kzl0RnZycERzSEdtQjlURUpnbGQKRC9uaElOdWlPY3k1akRFNXV5WnRBQT09Ci0tLS0tRU5EIENFUlRJRklDQVRFLS0tLS0K"
              }
            ],
            "master_authorized_networks_config": [],
            "master_version": "1.35.1-gke.1396002",
            "mesh_certificates": [],
            "min_master_version": null,
            "monitoring_config": [
              {
                "advanced_datapath_observability_config": [
                  {
                    "enable_metrics": false,
                    "enable_relay": false,
                    "relay_mode": "DISABLED"
                  }
                ],
                "enable_components": [
                  "SYSTEM_COMPONENTS",
                  "POD",
                  "DAEMONSET",
                  "DEPLOYMENT",
                  "STATEFULSET",
                  "JOBSET",
                  "STORAGE",
                  "HPA",
                  "CADVISOR",
                  "KUBELET",
                  "DCGM"
                ],
                "managed_prometheus": [
                  {
                    "enabled": true
                  }
                ]
              }
            ],
            "monitoring_service": "monitoring.googleapis.com/kubernetes",
            "name": "ci-cd-cluster",
            "network": "projects/applied-ridge-414907/global/networks/default",
            "network_policy": [
              {
                "enabled": false,
                "provider": "PROVIDER_UNSPECIFIED"
              }
            ],
            "networking_mode": "VPC_NATIVE",
            "node_config": [],
            "node_locations": [],
            "node_pool": [],
            "node_pool_auto_config": [
              {
                "network_tags": [],
                "node_kubelet_config": [
                  {
                    "insecure_kubelet_readonly_port_enabled": "FALSE"
                  }
                ],
                "resource_manager_tags": {}
              }
            ],
            "node_pool_defaults": [
              {
                "node_config_defaults": [
                  {
                    "containerd_config": [],
                    "insecure_kubelet_readonly_port_enabled": "FALSE",
                    "logging_variant": "DEFAULT"
                  }
                ]
              }
            ],
            "node_version": "1.35.1-gke.1396002",
            "notification_config": [
              {
                "pubsub": [
                  {
                    "enabled": false,
                    "filter": [],
                    "topic": ""
                  }
                ]
              }
            ],
            "operation": null,
            "private_cluster_config": [
              {
                "enable_private_endpoint": false,
                "enable_private_nodes": false,
                "master_global_access_config": [
                  {
                    "enabled": false
                  }
                ],
                "master_ipv4_cidr_block": "",
                "peering_name": "",
                "private_endpoint": "10.128.0.2",
                "private_endpoint_subnetwork": "",
                "public_endpoint": "34.9.185.87"
              }
            ],
            "private_ipv6_google_access": "",
            "project": "applied-ridge-414907",
            "release_channel": [
              {
                "channel": "REGULAR"
              }
            ],
            "remove_default_node_pool": true,
            "resource_labels": null,
            "resource_usage_export_config": [],
            "security_posture_config": [
              {
                "mode": "BASIC",
                "vulnerability_mode": "VULNERABILITY_MODE_UNSPECIFIED"
              }
            ],
            "self_link": "https://container.googleapis.com/v1/projects/applied-ridge-414907/zones/us-central1-a/clusters/ci-cd-cluster",
            "service_external_ips_config": [
              {
                "enabled": false
              }
            ],
            "services_ipv4_cidr": "34.118.224.0/20",
            "subnetwork": "projects/applied-ridge-414907/regions/us-central1/subnetworks/default",
            "timeouts": null,
            "tpu_ipv4_cidr_block": "",
            "vertical_pod_autoscaling": [],
            "workload_identity_config": []
          },
          "sensitive_attributes": [
            [
              {
                "type": "get_attr",
                "value": "master_auth"
              },
              {
                "type": "index",
                "value": {
                  "value": 0,
                  "type": "number"
                }
              },
              {
                "type": "get_attr",
                "value": "client_key"
              }
            ]
          ],
          "identity_schema_version": 0,
          "private": "eyJlMmJmYjczMC1lY2FhLTExZTYtOGY4OC0zNDM2M2JjN2M0YzAiOnsiY3JlYXRlIjoyNDAwMDAwMDAwMDAwLCJkZWxldGUiOjI0MDAwMDAwMDAwMDAsInJlYWQiOjI0MDAwMDAwMDAwMDAsInVwZGF0ZSI6MzYwMDAwMDAwMDAwMH0sInNjaGVtYV92ZXJzaW9uIjoiMiJ9"
        }
      ]
    },
    {
      "mode": "managed",
      "type": "google_container_node_pool",
      "name": "primary_nodes",
      "provider": "provider[\"registry.terraform.io/hashicorp/google\"]",
      "instances": [
        {
          "schema_version": 1,
          "attributes": {
            "autoscaling": [],
            "cluster": "ci-cd-cluster",
            "id": "projects/applied-ridge-414907/locations/us-central1-a/clusters/ci-cd-cluster/nodePools/ci-cd-cluster-nodes",
            "initial_node_count": 2,
            "instance_group_urls": [
              "https://www.googleapis.com/compute/v1/projects/applied-ridge-414907/zones/us-central1-a/instanceGroupManagers/gke-ci-cd-cluster-ci-cd-cluster-nodes-2d7bdd8a-grp"
            ],
            "location": "us-central1-a",
            "managed_instance_group_urls": [
              "https://www.googleapis.com/compute/v1/projects/applied-ridge-414907/zones/us-central1-a/instanceGroups/gke-ci-cd-cluster-ci-cd-cluster-nodes-2d7bdd8a-grp"
            ],
            "management": [
              {
                "auto_repair": true,
                "auto_upgrade": true
              }
            ],
            "max_pods_per_node": 110,
            "name": "ci-cd-cluster-nodes",
            "name_prefix": "",
            "network_config": [
              {
                "additional_node_network_configs": [],
                "additional_pod_network_configs": [],
                "create_pod_range": false,
                "enable_private_nodes": false,
                "network_performance_config": [],
                "pod_cidr_overprovision_config": [],
                "pod_ipv4_cidr_block": "10.72.0.0/14",
                "pod_range": "gke-ci-cd-cluster-pods-950b3b76"
              }
            ],
            "node_config": [
              {
                "advanced_machine_features": [],
                "boot_disk_kms_key": "",
                "confidential_nodes": [],
                "containerd_config": [],
                "disk_size_gb": 100,
                "disk_type": "pd-balanced",
                "effective_taints": [],
                "enable_confidential_storage": false,
                "ephemeral_storage_local_ssd_config": [],
                "fast_socket": [],
                "gcfs_config": [],
                "guest_accelerator": [],
                "gvnic": [],
                "host_maintenance_policy": [],
                "image_type": "COS_CONTAINERD",
                "kubelet_config": [
                  {
                    "cpu_cfs_quota": false,
                    "cpu_cfs_quota_period": "",
                    "cpu_manager_policy": "",
                    "insecure_kubelet_readonly_port_enabled": "FALSE",
                    "pod_pids_limit": 0
                  }
                ],
                "labels": {},
                "linux_node_config": [],
                "local_nvme_ssd_block_config": [],
                "local_ssd_count": 0,
                "logging_variant": "DEFAULT",
                "machine_type": "e2-medium",
                "metadata": {
                  "disable-legacy-endpoints": "true"
                },
                "min_cpu_platform": "",
                "node_group": "",
                "oauth_scopes": [
                  "https://www.googleapis.com/auth/cloud-platform"
                ],
                "preemptible": false,
                "reservation_affinity": [],
                "resource_labels": {
                  "goog-gke-node-pool-provisioning-model": "on-demand"
                },
                "resource_manager_tags": null,
                "secondary_boot_disks": [],
                "service_account": "default",
                "shielded_instance_config": [
                  {
                    "enable_integrity_monitoring": true,
                    "enable_secure_boot": false
                  }
                ],
                "sole_tenant_config": [],
                "spot": false,
                "tags": null,
                "taint": [],
                "workload_metadata_config": []
              }
            ],
            "node_count": 2,
            "node_locations": [
              "us-central1-a"
            ],
            "operation": null,
            "placement_policy": [],
            "project": "applied-ridge-414907",
            "queued_provisioning": [],
            "timeouts": null,
            "upgrade_settings": [
              {
                "blue_green_settings": [],
                "max_surge": 1,
                "max_unavailable": 0,
                "strategy": "SURGE"
              }
            ],
            "version": "1.35.1-gke.1396002"
          },
          "sensitive_attributes": [],
          "identity_schema_version": 0,
          "private": "eyJlMmJmYjczMC1lY2FhLTExZTYtOGY4OC0zNDM2M2JjN2M0YzAiOnsiY3JlYXRlIjoxODAwMDAwMDAwMDAwLCJkZWxldGUiOjE4MDAwMDAwMDAwMDAsInVwZGF0ZSI6MTgwMDAwMDAwMDAwMH0sInNjaGVtYV92ZXJzaW9uIjoiMSJ9",
          "dependencies": [
            "google_container_cluster.primary"
          ]
        }
      ]
    }
  ],
  "check_results": null
}
